// !$*UTF8*$!
{
	archiveVersion = 1;
	classes = {
	};
	objectVersion = 50;
	objects = {

/* Begin PBXBuildFile section */
		30151F0F25EF841C00B0F045 /* AppDelegate.swift in Sources */ = {isa = PBXBuildFile; fileRef = 30151F0E25EF841C00B0F045 /* AppDelegate.swift */; };
		30151F1125EF841C00B0F045 /* SceneDelegate.swift in Sources */ = {isa = PBXBuildFile; fileRef = 30151F1025EF841C00B0F045 /* SceneDelegate.swift */; };
		30151F1325EF841C00B0F045 /* ViewController.swift in Sources */ = {isa = PBXBuildFile; fileRef = 30151F1225EF841C00B0F045 /* ViewController.swift */; };
		30151F1625EF841C00B0F045 /* Main.storyboard in Resources */ = {isa = PBXBuildFile; fileRef = 30151F1425EF841C00B0F045 /* Main.storyboard */; };
		30151F1825EF842400B0F045 /* Assets.xcassets in Resources */ = {isa = PBXBuildFile; fileRef = 30151F1725EF842400B0F045 /* Assets.xcassets */; };
		30151F1B25EF842400B0F045 /* LaunchScreen.storyboard in Resources */ = {isa = PBXBuildFile; fileRef = 30151F1925EF842400B0F045 /* LaunchScreen.storyboard */; };
/* End PBXBuildFile section */

/* Begin PBXFileReference section */
		30151F0B25EF841C00B0F045 /* youtube-tinyworm.app */ = {isa = PBXFileReference; explicitFileType = wrapper.application; includeInIndex = 0; path = "youtube-tinyworm.app"; sourceTree = BUILT_PRODUCTS_DIR; };
		30151F0E25EF841C00B0F045 /* AppDelegate.swift */ = {isa = PBXFileReference; lastKnownFileType = sourcecode.swift; path = AppDelegate.swift; sourceTree = "<group>"; };
		30151F1025EF841C00B0F045 /* SceneDelegate.swift */ = {isa = PBXFileReference; lastKnownFileType = sourcecode.swift; path = SceneDelegate.swift; sourceTree = "<group>"; };
		30151F1225EF841C00B0F045 /* ViewController.swift */ = {isa = PBXFileReference; lastKnownFileType = sourcecode.swift; path = ViewController.swift; sourceTree = "<group>"; };
		30151F1525EF841C00B0F045 /* Base */ = {isa = PBXFileReference; lastKnownFileType = file.storyboard; name = Base; path = Base.lproj/Main.storyboard; sourceTree = "<group>"; };
		30151F1725EF842400B0F045 /* Assets.xcassets */ = {isa = PBXFileReference; lastKnownFileType = folder.assetcatalog; path = Assets.xcassets; sourceTree = "<group>"; };
		30151F1A25EF842400B0F045 /* Base */ = {isa = PBXFileReference; lastKnownFileType = file.storyboard; name = Base; path = Base.lproj/LaunchScreen.storyboard; sourceTree = "<group>"; };
		30151F1C25EF842400B0F045 /* Info.plist */ = {isa = PBXFileReference; lastKnownFileType = text.plist.xml; path = Info.plist; sourceTree = "<group>"; };
/* End PBXFileReference section */

/* Begin PBXFrameworksBuildPhase section */
		30151F0825EF841C00B0F045 /* Frameworks */ = {
			isa = PBXFrameworksBuildPhase;
			buildActionMask = 2147483647;
			files = (
			);
			runOnlyForDeploymentPostprocessing = 0;
		};
/* End PBXFrameworksBuildPhase section */

/* Begin PBXGroup section */
		30151F0225EF841C00B0F045 = {
			isa = PBXGroup;
			children = (
				30151F0D25EF841C00B0F045 /* youtube-tinyworm */,
				30151F0C25EF841C00B0F045 /* Products */,
			);
			sourceTree = "<group>";
		};
		30151F0C25EF841C00B0F045 /* Products */ = {
			isa = PBXGroup;
			children = (
				30151F0B25EF841C00B0F045 /* youtube-tinyworm.app */,
			);
			name = Products;
			sourceTree = "<group>";
		};
		30151F0D25EF841C00B0F045 /* youtube-tinyworm */ = {
			isa = PBXGroup;
			children = (
				30151F0E25EF841C00B0F045 /* AppDelegate.swift */,
				30151F1025EF841C00B0F045 /* SceneDelegate.swift */,
				30151F1225EF841C00B0F045 /* ViewController.swift */,
				30151F1425EF841C00B0F045 /* Main.storyboard */,
				30151F1725EF842400B0F045 /* Assets.xcassets */,
				30151F1925EF842400B0F045 /* LaunchScreen.storyboard */,
				30151F1C25EF842400B0F045 /* Info.plist */,
			);
			path = "youtube-tinyworm";
			sourceTree = "<group>";
		};
/* End PBXGroup section */

/* Begin PBXNativeTarget section */
		30151F0A25EF841C00B0F045 /* youtube-tinyworm */ = {
			isa = PBXNativeTarget;
			buildConfigurationList = 30151F1F25EF842400B0F045 /* Build configuration list for PBXNativeTarget "youtube-tinyworm" */;
			buildPhases = (
				30151F0725EF841C00B0F045 /* Sources */,
				30151F0825EF841C00B0F045 /* Frameworks */,
				30151F0925EF841C00B0F045 /* Resources */,
			);
			buildRules = (
			);
			dependencies = (
			);
			name = "youtube-tinyworm";
			productName = "youtube-tinyworm";
			productReference = 30151F0B25EF841C00B0F045 /* youtube-tinyworm.app */;
			productType = "com.apple.product-type.application";
		};
/* End PBXNativeTarget section */

/* Begin PBXProject section */
		30151F0325EF841C00B0F045 /* Project object */ = {
			isa = PBXProject;
			attributes = {
				LastSwiftUpdateCheck = 1240;
				LastUpgradeCheck = 1240;
				TargetAttributes = {
					30151F0A25EF841C00B0F045 = {
						CreatedOnToolsVersion = 12.4;
					};
				};
			};
			buildConfigurationList = 30151F0625EF841C00B0F045 /* Build configuration list for PBXProject "youtube-tinyworm" */;
			compatibilityVersion = "Xcode 9.3";
			developmentRegion = en;
			hasScannedForEncodings = 0;
			knownRegions = (
				en,
				Base,
			);
			mainGroup = 30151F0225EF841C00B0F045;
			productRefGroup = 30151F0C25EF841C00B0F045 /* Products */;
			projectDirPath = "";
			projectRoot = "";
			targets = (
				30151F0A25EF841C00B0F045 /* youtube-tinyworm */,
			);
		};
/* End PBXProject section */

/* Begin PBXResourcesBuildPhase section */
		30151F0925EF841C00B0F045 /* Resources */ = {
			isa = PBXResourcesBuildPhase;
			buildActionMask = 2147483647;
			files = (
				30151F1B25EF842400B0F045 /* LaunchScreen.storyboard in Resources */,
				30151F1825EF842400B0F045 /* Assets.xcassets in Resources */,
				30151F1625EF841C00B0F045 /* Main.storyboard in Resources */,
			);
			runOnlyForDeploymentPostprocessing = 0;
		};
/* End PBXResourcesBuildPhase section */

/* Begin PBXSourcesBuildPhase section */
		30151F0725EF841C00B0F045 /* Sources */ = {
			isa = PBXSourcesBuildPhase;
			buildActionMask = 2147483647;
			files = (
				30151F1325EF841C00B0F045 /* ViewController.swift in Sources */,
				30151F0F25EF841C00B0F045 /* AppDelegate.swift in Sources */,
				30151F1125EF841C00B0F045 /* SceneDelegate.swift in Sources */,
			);
			runOnlyForDeploymentPostprocessing = 0;
		};
/* End PBXSourcesBuildPhase section */

/* Begin PBXVariantGroup section */
		30151F1425EF841C00B0F045 /* Main.storyboard */ = {
			isa = PBXVariantGroup;
			children = (
				30151F1525EF841C00B0F045 /* Base */,
			);
			name = Main.storyboard;
			sourceTree = "<group>";
		};
		30151F1925EF842400B0F045 /* LaunchScreen.storyboard */ = {
			isa = PBXVariantGroup;
			children = (
				30151F1A25EF842400B0F045 /* Base */,
			);
			name = LaunchScreen.storyboard;
			sourceTree = "<group>";
		};
/* End PBXVariantGroup section */

/* Begin XCBuildConfiguration section */
		30151F1D25EF842400B0F045 /* Debug */ = {
			isa = XCBuildConfiguration;
			buildSettings = {
				ALWAYS_SEARCH_USER_PATHS = NO;
				CLANG_ANALYZER_NONNULL = YES;
				CLANG_ANALYZER_NUMBER_OBJECT_CONVERSION = YES_AGGRESSIVE;
				CLANG_CXX_LANGUAGE_STANDARD = "gnu++14";
				CLANG_CXX_LIBRARY = "libc++";
				CLANG_ENABLE_MODULES = YES;
				CLANG_ENABLE_OBJC_ARC = YES;
				CLANG_ENABLE_OBJC_WEAK = YES;
				CLANG_WARN_BLOCK_CAPTURE_AUTORELEASING = YES;
				CLANG_WARN_BOOL_CONVERSION = YES;
				CLANG_WARN_COMMA = YES;
				CLANG_WARN_CONSTANT_CONVERSION = YES;
				CLANG_WARN_DEPRECATED_OBJC_IMPLEMENTATIONS = YES;
				CLANG_WARN_DIRECT_OBJC_ISA_USAGE = YES_ERROR;
				CLANG_WARN_DOCUMENTATION_COMMENTS = YES;
				CLANG_WARN_EMPTY_BODY = YES;
				CLANG_WARN_ENUM_CONVERSION = YES;
				CLANG_WARN_INFINITE_RECURSION = YES;
				CLANG_WARN_INT_CONVERSION = YES;
				CLANG_WARN_NON_LITERAL_NULL_CONVERSION = YES;
				CLANG_WARN_OBJC_IMPLICIT_RETAIN_SELF = YES;
				CLANG_WARN_OBJC_LITERAL_CONVERSION = YES;
				CLANG_WARN_OBJC_ROOT_CLASS = YES_ERROR;
				CLANG_WARN_QUOTED_INCLUDE_IN_FRAMEWORK_HEADER = YES;
				CLANG_WARN_RANGE_LOOP_ANALYSIS = YES;
				CLANG_WARN_STRICT_PROTOTYPES = YES;
				CLANG_WARN_SUSPICIOUS_MOVE = YES;
				CLANG_WARN_UNGUARDED_AVAILABILITY = YES_AGGRESSIVE;
				CLANG_WARN_UNREACHABLE_CODE = YES;
				CLANG_WARN__DUPLICATE_METHOD_MATCH = YES;
				COPY_PHASE_STRIP = NO;
				DEBUG_INFORMATION_FORMAT = dwarf;
				ENABLE_STRICT_OBJC_MSGSEND = YES;
				ENABLE_TESTABILITY = YES;
				GCC_C_LANGUAGE_STANDARD = gnu11;
				GCC_DYNAMIC_NO_PIC = NO;
				GCC_NO_COMMON_BLOCKS = YES;
				GCC_OPTIMIZATION_LEVEL = 0;
				GCC_PREPROCESSOR_DEFINITIONS = (
					"DEBUG=1",
					"$(inherited)",
				);
				GCC_WARN_64_TO_32_BIT_CONVERSION = YES;
				GCC_WARN_ABOUT_RETURN_TYPE = YES_ERROR;
				GCC_WARN_UNDECLARED_SELECTOR = YES;
				GCC_WARN_UNINITIALIZED_AUTOS = YES_AGGRESSIVE;
				GCC_WARN_UNUSED_FUNCTION = YES;
				GCC_WARN_UNUSED_VARIABLE = YES;
				IPHONEOS_DEPLOYMENT_TARGET = 14.4;
				MTL_ENABLE_DEBUG_INFO = INCLUDE_SOURCE;
				MTL_FAST_MATH = YES;
				ONLY_ACTIVE_ARCH = YES;
				SDKROOT = iphoneos;
				SWIFT_ACTIVE_COMPILATION_CONDITIONS = DEBUG;
				SWIFT_OPTIMIZATION_LEVEL = "-Onone";
			};
			name = Debug;
		};
		30151F1E25EF842400B0F045 /* Release */ = {
			isa = XCBuildConfiguration;
			buildSettings = {
				ALWAYS_SEARCH_USER_PATHS = NO;
				CLANG_ANALYZER_NONNULL = YES;
				CLANG_ANALYZER_NUMBER_OBJECT_CONVERSION = YES_AGGRESSIVE;
				CLANG_CXX_LANGUAGE_STANDARD = "gnu++14";
				CLANG_CXX_LIBRARY = "libc++";
				CLANG_ENABLE_MODULES = YES;
				CLANG_ENABLE_OBJC_ARC = YES;
				CLANG_ENABLE_OBJC_WEAK = YES;
				CLANG_WARN_BLOCK_CAPTURE_AUTORELEASING = YES;
				CLANG_WARN_BOOL_CONVERSION = YES;
				CLANG_WARN_COMMA = YES;
				CLANG_WARN_CONSTANT_CONVERSION = YES;
				CLANG_WARN_DEPRECATED_OBJC_IMPLEMENTATIONS = YES;
				CLANG_WARN_DIRECT_OBJC_ISA_USAGE = YES_ERROR;
				CLANG_WARN_DOCUMENTATION_COMMENTS = YES;
				CLANG_WARN_EMPTY_BODY = YES;
				CLANG_WARN_ENUM_CONVERSION = YES;
				CLANG_WARN_INFINITE_RECURSION = YES;
				CLANG_WARN_INT_CONVERSION = YES;
				CLANG_WARN_NON_LITERAL_NULL_CONVERSION = YES;
				CLANG_WARN_OBJC_IMPLICIT_RETAIN_SELF = YES;
				CLANG_WARN_OBJC_LITERAL_CONVERSION = YES;
				CLANG_WARN_OBJC_ROOT_CLASS = YES_ERROR;
				CLANG_WARN_QUOTED_INCLUDE_IN_FRAMEWORK_HEADER = YES;
				CLANG_WARN_RANGE_LOOP_ANALYSIS = YES;
				CLANG_WARN_STRICT_PROTOTYPES = YES;
				CLANG_WARN_SUSPICIOUS_MOVE = YES;
				CLANG_WARN_UNGUARDED_AVAILABILITY = YES_AGGRESSIVE;
				CLANG_WARN_UNREACHABLE_CODE = YES;
				CLANG_WARN__DUPLICATE_METHOD_MATCH = YES;
				COPY_PHASE_STRIP = NO;
				DEBUG_INFORMATION_FORMAT = "dwarf-with-dsym";
				ENABLE_NS_ASSERTIONS = NO;
				ENABLE_STRICT_OBJC_MSGSEND = YES;
				GCC_C_LANGUAGE_STANDARD = gnu11;
				GCC_NO_COMMON_BLOCKS = YES;
				GCC_WARN_64_TO_32_BIT_CONVERSION = YES;
				GCC_WARN_ABOUT_RETURN_TYPE = YES_ERROR;
				GCC_WARN_UNDECLARED_SELECTOR = YES;
				GCC_WARN_UNINITIALIZED_AUTOS = YES_AGGRESSIVE;
				GCC_WARN_UNUSED_FUNCTION = YES;
				GCC_WARN_UNUSED_VARIABLE = YES;
				IPHONEOS_DEPLOYMENT_TARGET = 14.4;
				MTL_ENABLE_DEBUG_INFO = NO;
				MTL_FAST_MATH = YES;
				SDKROOT = iphoneos;
				SWIFT_COMPILATION_MODE = wholemodule;
				SWIFT_OPTIMIZATION_LEVEL = "-O";
				VALIDATE_PRODUCT = YES;
			};
			name = Release;
		};
		30151F2025EF842400B0F045 /* Debug */ = {
			isa = XCBuildConfiguration;
			buildSettings = {
				ASSETCATALOG_COMPILER_APPICON_NAME = AppIcon;
				ASSETCATALOG_COMPILER_GLOBAL_ACCENT_COLOR_NAME = AccentColor;
				CODE_SIGN_STYLE = Automatic;
				DEVELOPMENT_TEAM = 35RFY8FZJS;
				INFOPLIST_FILE = "youtube-tinyworm/Info.plist";
				LD_RUNPATH_SEARCH_PATHS = (
					"$(inherited)",
					"@executable_path/Frameworks",
				);
				PRODUCT_BUNDLE_IDENTIFIER = "Tinyworm.youtube-tinyworm";
				PRODUCT_NAME = "$(TARGET_NAME)";
				SWIFT_VERSION = 5.0;
				TARGETED_DEVICE_FAMILY = "1,2";
			};
			name = Debug;
		};
		30151F2125EF842400B0F045 /* Release */ = {
			isa = XCBuildConfiguration;
			buildSettings = {
				ASSETCATALOG_COMPILER_APPICON_NAME = AppIcon;
				ASSETCATALOG_COMPILER_GLOBAL_ACCENT_COLOR_NAME = AccentColor;
				CODE_SIGN_STYLE = Automatic;
				DEVELOPMENT_TEAM = 35RFY8FZJS;
				INFOPLIST_FILE = "youtube-tinyworm/Info.plist";
				LD_RUNPATH_SEARCH_PATHS = (
					"$(inherited)",
					"@executable_path/Frameworks",
				);
				PRODUCT_BUNDLE_IDENTIFIER = "Tinyworm.youtube-tinyworm";
				PRODUCT_NAME = "$(TARGET_NAME)";
				SWIFT_VERSION = 5.0;
				TARGETED_DEVICE_FAMILY = "1,2";
			};
			name = Release;
		};
/* End XCBuildConfiguration section */

/* Begin XCConfigurationList section */
		30151F0625EF841C00B0F045 /* Build configuration list for PBXProject "youtube-tinyworm" */ = {
			isa = XCConfigurationList;
			buildConfigurations = (
				30151F1D25EF842400B0F045 /* Debug */,
				30151F1E25EF842400B0F045 /* Release */,
			);
			defaultConfigurationIsVisible = 0;
			defaultConfigurationName = Release;
		};
		30151F1F25EF842400B0F045 /* Build configuration list for PBXNativeTarget "youtube-tinyworm" */ = {
			isa = XCConfigurationList;
			buildConfigurations = (
				30151F2025EF842400B0F045 /* Debug */,
				30151F2125EF842400B0F045 /* Release */,
			);
			defaultConfigurationIsVisible = 0;
			defaultConfigurationName = Release;
		};
/* End XCConfigurationList section */
	};
	rootObject = 30151F0325EF841C00B0F045 /* Project object */;
}
